
Microsoft Visual Studio Solution File, Format Version 12.00
# Visual Studio Version 17
VisualStudioVersion = 17.14.36221.1
MinimumVisualStudioVersion = 10.0.40219.1
Project("{FAE04EC0-301F-11D3-BF4B-00C04F79EFBC}") = "OPEMSVRCS", "OPEMSVRCS\OPEMSVRCS.csproj", "{7F174AF3-173A-4FA7-87C4-2A2D84E23FE4}"
EndProject
Project("{FAE04EC0-301F-11D3-BF4B-00C04F79EFBC}") = "WATCHDTR", "WATCHDTR\WATCHDTR.csproj", "{D64C824C-5E14-4449-A069-5B4BAAA1261B}"
EndProject
Global
	GlobalSection(SolutionConfigurationPlatforms) = preSolution
		Debug|Any CPU = Debug|Any CPU
		Release|Any CPU = Release|Any CPU
	EndGlobalSection
	GlobalSection(ProjectConfigurationPlatforms) = postSolution
		{7F174AF3-173A-4FA7-87C4-2A2D84E23FE4}.Debug|Any CPU.ActiveCfg = Debug|Any CPU
		{7F174AF3-173A-4FA7-87C4-2A2D84E23FE4}.Debug|Any CPU.Build.0 = Debug|Any CPU
		{7F174AF3-173A-4FA7-87C4-2A2D84E23FE4}.Release|Any CPU.ActiveCfg = Release|Any CPU
		{7F174AF3-173A-4FA7-87C4-2A2D84E23FE4}.Release|Any CPU.Build.0 = Release|Any CPU
		{D64C824C-5E14-4449-A069-5B4BAAA1261B}.Debug|Any CPU.ActiveCfg = Debug|Any CPU
		{D64C824C-5E14-4449-A069-5B4BAAA1261B}.Debug|Any CPU.Build.0 = Debug|Any CPU
		{D64C824C-5E14-4449-A069-5B4BAAA1261B}.Release|Any CPU.ActiveCfg = Release|Any CPU
		{D64C824C-5E14-4449-A069-5B4BAAA1261B}.Release|Any CPU.Build.0 = Release|Any CPU
	EndGlobalSection
	GlobalSection(SolutionProperties) = preSolution
		HideSolutionNode = FALSE
	EndGlobalSection
	GlobalSection(ExtensibilityGlobals) = postSolution
		SolutionGuid = {A50244E3-034E-4233-B446-F3F3125B1627}
	EndGlobalSection
EndGlobal
